<Project xmlns="http://schemas.microsoft.com/developer/msbuild/2003">
    <PropertyGroup>
        <ProjectGuid>{F4BAF5D6-57AA-4EF2-BE38-381774DA4AD1}</ProjectGuid>
        <MainSource>BrowseAndDocItTestApp.dpr</MainSource>
        <Config Condition="'$(Config)'==''">Debug</Config>
        <DCC_DCCCompiler>DCC32</DCC_DCCCompiler>
        <ProjectVersion>18.4</ProjectVersion>
        <FrameworkType>VCL</FrameworkType>
        <Base>True</Base>
        <Platform Condition="'$(Platform)'==''">Win32</Platform>
        <TargetedPlatforms>1</TargetedPlatforms>
        <AppType>Application</AppType>
    </PropertyGroup>
    <PropertyGroup Condition="'$(Config)'=='Base' or '$(Base)'!=''">
        <Base>true</Base>
    </PropertyGroup>
    <PropertyGroup Condition="('$(Platform)'=='Win32' and '$(Base)'=='true') or '$(Base_Win32)'!=''">
        <Base_Win32>true</Base_Win32>
        <CfgParent>Base</CfgParent>
        <Base>true</Base>
    </PropertyGroup>
    <PropertyGroup Condition="('$(Platform)'=='Win64' and '$(Base)'=='true') or '$(Base_Win64)'!=''">
        <Base_Win64>true</Base_Win64>
        <CfgParent>Base</CfgParent>
        <Base>true</Base>
    </PropertyGroup>
    <PropertyGroup Condition="'$(Config)'=='Release' or '$(Cfg_1)'!=''">
        <Cfg_1>true</Cfg_1>
        <CfgParent>Base</CfgParent>
        <Base>true</Base>
    </PropertyGroup>
    <PropertyGroup Condition="'$(Config)'=='Debug' or '$(Cfg_2)'!=''">
        <Cfg_2>true</Cfg_2>
        <CfgParent>Base</CfgParent>
        <Base>true</Base>
    </PropertyGroup>
    <PropertyGroup Condition="('$(Platform)'=='Win32' and '$(Cfg_2)'=='true') or '$(Cfg_2_Win32)'!=''">
        <Cfg_2_Win32>true</Cfg_2_Win32>
        <CfgParent>Cfg_2</CfgParent>
        <Cfg_2>true</Cfg_2>
        <Base>true</Base>
    </PropertyGroup>
    <PropertyGroup Condition="'$(Base)'!=''">
        <SanitizedProjectName>BrowseAndDocItTestApp</SanitizedProjectName>
        <VerInfo_Keys>CompanyName=Season&apos;s Fall  Music Limited (c) 1989;FileDescription=BrowseAndDocItTestAppXE2.exe;FileVersion=1.0.10.2624;InternalName=Browse and Doc It Test Application;LegalCopyright=Season&apos;s Fall  Music Limited (c) 1989;LegalTrademarks=Season&apos;s Fall  Music Limited (c) 1989;OriginalFilename=BrowseAndDocItTestAppXE2.exe;ProductName=BrowseAndDocItTestAppXE2.exe;ProductVersion=1.0.0.0;Comments=Test Application to Browse and Doc It.</VerInfo_Keys>
        <VerInfo_Locale>2057</VerInfo_Locale>
        <VerInfo_Build>2624</VerInfo_Build>
        <DCC_Namespace>Vcl;Vcl.Imaging;Vcl.Touch;Vcl.Samples;Vcl.Shell;System;Xml;Data;Datasnap;Web;Soap;Winapi;System.Win;$(DCC_Namespace)</DCC_Namespace>
        <VerInfo_IncludeVerInfo>true</VerInfo_IncludeVerInfo>
        <VerInfo_Release>10</VerInfo_Release>
        <DCC_DependencyCheckOutputName>BrowseAndDocItTestAppXE2.exe</DCC_DependencyCheckOutputName>
        <DCC_UnitSearchPath>$(BDS)\lib\Debug;$(BDS)\Lib\Debug\Indy10;$(DCC_UnitSearchPath)</DCC_UnitSearchPath>
        <DCC_MapFile>3</DCC_MapFile>
        <DCC_ImageBase>00400000</DCC_ImageBase>
        <DCC_Platform>x86</DCC_Platform>
        <DCC_SYMBOL_PLATFORM>false</DCC_SYMBOL_PLATFORM>
        <DCC_Define>PROFILECODE;EUREKALOG;EUREKALOG_VER6;$(DCC_Define)</DCC_Define>
        <DCC_Optimize>false</DCC_Optimize>
        <DCC_UsePackage>vcl;rtl;vclx;dbrtl;vcldb;dbxcds;dbexpress;xmlrtl;vclie;inet;inetdbbde;inetdbxpress;IndyCore;IndySystem;vclactnband;VclSmp;dsnap;bdertl;vcldbx;Rave65VCL;adortl;vclib;ibxpress;IntrawebDB_80_100;Intraweb_80_100;dclOfficeXP;soaprtl;IndyProtocols;teeui;teedb;tee;IDEAutoSave;$(DCC_UsePackage)</DCC_UsePackage>
        <DCC_K>false</DCC_K>
        <DCC_F>false</DCC_F>
        <DCC_S>false</DCC_S>
        <DCC_N>true</DCC_N>
        <DCC_E>false</DCC_E>
        <DCC_SymbolReferenceInfo>1</DCC_SymbolReferenceInfo>
        <DCC_GenerateStackFrames>true</DCC_GenerateStackFrames>
        <DCC_DcuOutput>..\XE2DCUs\</DCC_DcuOutput>
        <DCC_UNIT_PLATFORM>false</DCC_UNIT_PLATFORM>
    </PropertyGroup>
    <PropertyGroup Condition="'$(Base_Win32)'!=''">
        <UWP_DelphiLogo44>$(BDS)\bin\Artwork\Windows\UWP\delphi_UwpDefault_44.png</UWP_DelphiLogo44>
        <UWP_DelphiLogo150>$(BDS)\bin\Artwork\Windows\UWP\delphi_UwpDefault_150.png</UWP_DelphiLogo150>
        <AppEnableRuntimeThemes>true</AppEnableRuntimeThemes>
        <VerInfo_IncludeVerInfo>true</VerInfo_IncludeVerInfo>
        <Icon_MainIcon>BrowseAndDocItTestAppXE2_Icon.ico</Icon_MainIcon>
        <DCC_Namespace>Data.Win;Datasnap.Win;Web.Win;Soap.Win;Xml.Win;Bde;$(DCC_Namespace)</DCC_Namespace>
        <VerInfo_Locale>1033</VerInfo_Locale>
        <Manifest_File>$(BDS)\bin\default_app.manifest</Manifest_File>
        <VerInfo_Keys>CompanyName=;FileVersion=1.0.0.0;InternalName=;LegalCopyright=;LegalTrademarks=;OriginalFilename=;ProductVersion=1.0.0.0;Comments=;ProgramID=com.embarcadero.$(ModuleName);FileDescription=$(ModuleName);ProductName=$(ModuleName)</VerInfo_Keys>
    </PropertyGroup>
    <PropertyGroup Condition="'$(Base_Win64)'!=''">
        <UWP_DelphiLogo44>$(BDS)\bin\Artwork\Windows\UWP\delphi_UwpDefault_44.png</UWP_DelphiLogo44>
        <UWP_DelphiLogo150>$(BDS)\bin\Artwork\Windows\UWP\delphi_UwpDefault_150.png</UWP_DelphiLogo150>
        <Icon_MainIcon>BrowseAndDocItTestAppXE2_Icon.ico</Icon_MainIcon>
    </PropertyGroup>
    <PropertyGroup Condition="'$(Cfg_1)'!=''">
        <DCC_LocalDebugSymbols>false</DCC_LocalDebugSymbols>
        <DCC_Define>RELEASE;$(DCC_Define)</DCC_Define>
        <DCC_SymbolReferenceInfo>0</DCC_SymbolReferenceInfo>
        <DCC_DebugInformation>0</DCC_DebugInformation>
    </PropertyGroup>
    <PropertyGroup Condition="'$(Cfg_2)'!=''">
        <Icon_MainIcon>BrowseAndDocItTestAppXE2_Icon.ico</Icon_MainIcon>
        <VerInfo_IncludeVerInfo>false</VerInfo_IncludeVerInfo>
        <Manifest_File>None</Manifest_File>
        <DCC_Define>DEBUG;$(DCC_Define)</DCC_Define>
    </PropertyGroup>
    <PropertyGroup Condition="'$(Cfg_2_Win32)'!=''">
        <BT_BuildType>Debug</BT_BuildType>
        <AppEnableRuntimeThemes>true</AppEnableRuntimeThemes>
        <DCC_DebugDCUs>true</DCC_DebugDCUs>
        <VerInfo_Keys>CompanyName=;FileVersion=1.0.10.2624;InternalName=;LegalCopyright=;LegalTrademarks=;OriginalFilename=;ProductVersion=1.0.0.0;Comments=;ProgramID=com.embarcadero.$(ModuleName);FileDescription=$(ModuleName);ProductName=$(ModuleName)</VerInfo_Keys>
        <VerInfo_Locale>1033</VerInfo_Locale>
    </PropertyGroup>
    <ItemGroup>
        <DelphiCompile Include="$(MainSource)">
            <MainSource>MainSource</MainSource>
        </DelphiCompile>
        <RcCompile Include="..\DUnitTemplateResources.RC">
            <Form>DUnitTemplateResources.res</Form>
        </RcCompile>
        <RcCompile Include="..\LayeredExplorerImages.RC">
            <Form>LayeredExplorerImages.res</Form>
        </RcCompile>
        <RcCompile Include="..\BADIVerInfo.RC">
            <Form>BADIVerInfo.res</Form>
        </RcCompile>
        <DCCReference Include="..\Source\BADI.Initialisation.pas"/>
        <DCCReference Include="..\Source\BADI.Options.pas"/>
        <DCCReference Include="..\Source\BADI.Module.Dispatcher.pas"/>
        <DCCReference Include="Source\BrowseAndDocItTestForm.pas">
            <Form>frmBrowseAndDocItTestForm</Form>
        </DCCReference>
        <DCCReference Include="..\..\..\Library\dghlibrary.pas"/>
        <DCCReference Include="Source\ExclusionsForm.pas">
            <Form>frmExclusions</Form>
        </DCCReference>
        <DCCReference Include="..\..\..\Components\Source\DGHEllipsisLabel.pas"/>
        <DCCReference Include="Source\FolderConfig.pas">
            <Form>frmFolders</Form>
        </DCCReference>
        <DCCReference Include="..\..\..\LIBRARY\DGHSynEdit.pas"/>
        <DCCReference Include="..\..\..\Components\Source\DGHCustomGraphicsControl.pas"/>
        <DCCReference Include="..\..\..\Components\Source\DGHMemoryMonitorControl.pas"/>
        <DCCReference Include="..\Source\BADI.Base.Module.pas"/>
        <DCCReference Include="..\Source\BADI.CodeBrowsingFrame.pas">
            <Form>fmBADICodeBrowsingFrame</Form>
            <FormType>dfm</FormType>
            <DesignClass>TFrame</DesignClass>
        </DCCReference>
        <DCCReference Include="..\Source\BADI.Comment.pas"/>
        <DCCReference Include="..\Source\BADI.Comment.Tag.pas"/>
        <DCCReference Include="..\Source\badi.commonidefunctions.pas"/>
        <DCCReference Include="..\Source\BADI.CompilerConditionData.pas"/>
        <DCCReference Include="..\Source\BADI.CompilerConditionStack.pas"/>
        <DCCReference Include="..\Source\BADI.Constants.pas"/>
        <DCCReference Include="..\Source\BADI.CPP.Module.pas"/>
        <DCCReference Include="..\Source\BADI.CustomOptionsFrame.pas"/>
        <DCCReference Include="..\Source\BADI.DFM.Module.pas"/>
        <DCCReference Include="..\Source\BADI.DocIssue.pas"/>
        <DCCReference Include="..\source\BADI.Documentation.Dispatcher.pas"/>
        <DCCReference Include="..\Source\BADI.DocumentationOptionsForm.pas">
            <Form>frmDocumentationOptions</Form>
            <FormType>dfm</FormType>
        </DCCReference>
        <DCCReference Include="..\Source\BADI.Eidolon.Module.pas"/>
        <DCCReference Include="..\Source\BADI.Eidolon.TLSSchematic.Module.pas"/>
        <DCCReference Include="..\Source\BADI.Eidolon.Types.pas"/>
        <DCCReference Include="..\Source\BADI.ElementContainer.pas"/>
        <DCCReference Include="..\Source\BADI.ExcludedDocFilesFrame.pas">
            <Form>fmBADIExcludedDocFilesFrame</Form>
            <FormType>dfm</FormType>
            <DesignClass>TFrame</DesignClass>
        </DCCReference>
        <DCCReference Include="..\Source\BADI.Functions.pas"/>
        <DCCReference Include="..\Source\BADI.GeneralOptionsFrame.pas">
            <Form>fmBADIGeneralOptions</Form>
            <FormType>dfm</FormType>
            <DesignClass>TFrame</DesignClass>
        </DCCReference>
        <DCCReference Include="..\Source\BADI.Generic.Constant.pas"/>
        <DCCReference Include="..\Source\BADI.Generic.FunctionDecl.pas"/>
        <DCCReference Include="..\Source\BADI.Generic.MethodDecl.pas"/>
        <DCCReference Include="..\Source\BADI.Generic.Parameter.pas"/>
        <DCCReference Include="..\Source\BADI.Generic.PropertyDecl.pas"/>
        <DCCReference Include="..\Source\BADI.Generic.Tokenizer.pas"/>
        <DCCReference Include="..\Source\BADI.Generic.TypeDecl.pas"/>
        <DCCReference Include="..\Source\BADI.Generic.Variable.pas"/>
        <DCCReference Include="..\Source\BADI.HTMLDocumentation.pas"/>
        <DCCReference Include="..\Source\BADI.INI.Module.pas"/>
        <DCCReference Include="..\Source\BADI.MethodDescriptionForm.pas">
            <Form>frmMethodDescriptions</Form>
            <FormType>dfm</FormType>
        </DCCReference>
        <DCCReference Include="..\Source\BADI.MethodDescriptionsFrame.pas">
            <Form>fmBADIMethodDescriptionsFrame</Form>
            <FormType>dfm</FormType>
            <DesignClass>TFrame</DesignClass>
        </DCCReference>
        <DCCReference Include="..\Source\BADI.ModuleInfo.pas"/>
        <DCCReference Include="..\Source\BADI.ModuleExlporerOpsFrame.pas">
            <Form>fmBADIModuleExplorerFrame</Form>
            <DesignClass>TFrame</DesignClass>
        </DCCReference>
        <DCCReference Include="..\Source\BADI.ModuleExplorerFrame.pas">
            <Form>frameModuleExplorer</Form>
            <DesignClass>TFrame</DesignClass>
        </DCCReference>
        <DCCReference Include="..\Source\BADI.Pascal.Module.pas"/>
        <DCCReference Include="..\Source\BADI.ResourceStrings.pas"/>
        <DCCReference Include="..\Source\BADI.SpecialTagForm.pas">
            <Form>frmSpecialTag</Form>
        </DCCReference>
        <DCCReference Include="..\Source\BADI.SpecialTagsFrame.pas">
            <Form>fmBADISpecialTagsFrame</Form>
            <DesignClass>TFrame</DesignClass>
        </DCCReference>
        <DCCReference Include="..\Source\BADI.TickOption.pas"/>
        <DCCReference Include="..\Source\BADI.TokenForm.pas">
            <Form>frmTokenForm</Form>
        </DCCReference>
        <DCCReference Include="..\Source\BADI.TokenInfo.pas"/>
        <DCCReference Include="..\Source\BADI.Types.pas"/>
        <DCCReference Include="..\Source\BADI.VB.Module.Full.pas"/>
        <DCCReference Include="..\Source\BADI.VB.Module.pas"/>
        <DCCReference Include="..\Source\BADI.VB.ModuleFull.pas"/>
        <DCCReference Include="..\..\..\Library\ProgressForm.pas">
            <Form>frmProgress</Form>
        </DCCReference>
        <DCCReference Include="..\Source\BADI.OptionsForm.pas">
            <Form>frmOptions</Form>
        </DCCReference>
        <DCCReference Include="..\..\..\Library\CheckForUpdatesOptionsForm.pas">
            <Form>frmCheckForUpdatesOptions</Form>
        </DCCReference>
        <DCCReference Include="..\..\..\Library\UsefulSynEditFunctions.pas"/>
        <DCCReference Include="..\..\..\Library\SynEditOptionsForm.pas">
            <Form>frmEditorOptions</Form>
        </DCCReference>
        <DCCReference Include="..\Source\BADI.Pascal.ClassDecl.pas"/>
        <DCCReference Include="..\Source\BADI.Pascal.Comment.pas"/>
        <DCCReference Include="..\Source\BADI.Pascal.ConstantDecl.pas"/>
        <DCCReference Include="..\Source\BADI.Pascal.Constants.pas"/>
        <DCCReference Include="..\Source\BADI.Pascal.DispInterfaceDecl.pas"/>
        <DCCReference Include="..\Source\BADI.Pascal.ExportsItem.pas"/>
        <DCCReference Include="..\Source\BADI.Pascal.FieldDecl.pas"/>
        <DCCReference Include="..\Source\BADI.Pascal.FinalizationDecl.pas"/>
        <DCCReference Include="..\Source\BADI.Pascal.Functions.pas"/>
        <DCCReference Include="..\Source\BADI.Pascal.IdentList.pas"/>
        <DCCReference Include="..\Source\BADI.Pascal.InitializationDecl.pas"/>
        <DCCReference Include="..\Source\BADI.Pascal.InterfaceDecl.pas"/>
        <DCCReference Include="..\Source\BADI.Pascal.MethodDecl.pas"/>
        <DCCReference Include="..\Source\BADI.Pascal.ObjectDecl.pas"/>
        <DCCReference Include="..\Source\BADI.Pascal.ParameterDecl.pas"/>
        <DCCReference Include="..\Source\BADI.Pascal.PropertyDecl.pas"/>
        <DCCReference Include="..\Source\BADI.Pascal.PropertySpec.pas"/>
        <DCCReference Include="..\Source\BADI.Pascal.RecordDecl.pas"/>
        <DCCReference Include="..\Source\BADI.Pascal.ResourceStringDecl.pas"/>
        <DCCReference Include="..\Source\BADI.Pascal.ResourceStrings.pas"/>
        <DCCReference Include="..\Source\BADI.Pascal.TempCntr.pas"/>
        <DCCReference Include="..\Source\BADI.Pascal.ThreadVariableDecl.pas"/>
        <DCCReference Include="..\Source\BADI.Pascal.TypeDecl.pas"/>
        <DCCReference Include="..\Source\BADI.Pascal.Types.pas"/>
        <DCCReference Include="..\Source\BADI.Pascal.VariableDecl.pas"/>
        <DCCReference Include="..\Source\BADI.Pascal.UsesList.pas"/>
        <DCCReference Include="..\Source\BADI.BackusNaur.Comment.pas"/>
        <DCCReference Include="..\Source\BADI.BackusNaur.Module.pas"/>
        <DCCReference Include="..\Source\BADI.BackusNaur.Rule.pas"/>
        <DCCReference Include="..\Source\BADI.Base.Container.pas"/>
        <DCCReference Include="..\Source\BADI.Base.Documentation.pas"/>
        <DCCReference Include="..\Source\BADI.DFM.Item.pas"/>
        <DCCReference Include="..\Source\BADI.DFM.ObjectDecl.pas"/>
        <DCCReference Include="..\Source\BADI.DFM.PropertyDecl.pas"/>
        <DCCReference Include="..\Source\BADI.DFM.Types.pas"/>
        <DCCReference Include="..\Source\BADI.Eidolon.Association.pas"/>
        <DCCReference Include="..\Source\BADI.Eidolon.Bar.pas"/>
        <DCCReference Include="..\Source\BADI.Eidolon.BaseTable.pas"/>
        <DCCReference Include="..\Source\BADI.Eidolon.Comment.pas"/>
        <DCCReference Include="..\Source\BADI.Eidolon.ConnectionDef.pas"/>
        <DCCReference Include="..\Source\BADI.Eidolon.Constants.pas"/>
        <DCCReference Include="..\Source\BADI.Eidolon.CustomFillSymbol.pas"/>
        <DCCReference Include="..\Source\BADI.Eidolon.DatabaseDef.pas"/>
        <DCCReference Include="..\Source\BADI.Eidolon.DBConnection.pas"/>
        <DCCReference Include="..\Source\BADI.Eidolon.DBTable.pas"/>
        <DCCReference Include="..\Source\BADI.Eidolon.Diamond.pas"/>
        <DCCReference Include="..\Source\BADI.Eidolon.Ellipse.pas"/>
        <DCCReference Include="..\Source\BADI.Eidolon.FieldDef.pas"/>
        <DCCReference Include="..\Source\BADI.Eidolon.Functions.pas"/>
        <DCCReference Include="..\Source\BADI.Eidolon.Line.pas"/>
        <DCCReference Include="..\Source\BADI.Eidolon.OutputTable.pas"/>
        <DCCReference Include="..\Source\BADI.Eidolon.Rectangle.pas"/>
        <DCCReference Include="..\Source\BADI.Eidolon.RequirementsTable.pas"/>
        <DCCReference Include="..\Source\BADI.Eidolon.ResourceStrings.pas"/>
        <DCCReference Include="..\Source\BADI.Eidolon.SuperBar.pas"/>
        <DCCReference Include="..\Source\BADI.Eidolon.Symbol.pas"/>
        <DCCReference Include="..\Source\BADI.Eidolon.TableNameDef.pas"/>
        <DCCReference Include="..\Source\BADI.Eidolon.TextTable.pas"/>
        <DCCReference Include="..\Source\BADI.Eidolon.TextTableDef.pas"/>
        <DCCReference Include="..\Source\BADI.Eidolon.TimeLocationTable.pas"/>
        <DCCReference Include="..\Source\BADI.Eidolon.TLSSchematic.Comment.pas"/>
        <DCCReference Include="..\Source\BADI.Eidolon.TLSSchematic.Constants.pas"/>
        <DCCReference Include="..\Source\BADI.Eidolon.TLSSchematic.NoText.pas"/>
        <DCCReference Include="..\Source\BADI.Eidolon.TLSSchematic.ResourceStrings.pas"/>
        <DCCReference Include="..\Source\BADI.Eidolon.TLSSchematic.SchematicSetting.pas"/>
        <DCCReference Include="..\Source\BADI.Eidolon.TLSSchematic.TLSObject.pas"/>
        <DCCReference Include="..\Source\BADI.Eidolon.TLSSchematic.TLSRoad.pas"/>
        <DCCReference Include="..\Source\BADI.Eidolon.TLSSchematic.TLSShape.pas"/>
        <DCCReference Include="..\Source\BADI.Eidolon.TLSSchematic.TLSStatic.pas"/>
        <DCCReference Include="..\Source\BADI.Eidolon.Triangle.pas"/>
        <DCCReference Include="..\Source\BADI.INI.Comment.pas"/>
        <DCCReference Include="..\Source\BADI.INI.KeyValuePair.pas"/>
        <DCCReference Include="..\Source\BADI.VB.Comment.pas"/>
        <DCCReference Include="..\Source\BADI.VB.Parameter.pas"/>
        <DCCReference Include="..\Source\BADI.VB.Interfaces.pas"/>
        <DCCReference Include="..\Source\BADI.VB.ExceptionHandling.pas"/>
        <DCCReference Include="..\Source\BADI.VB.MethodDecl.pas"/>
        <DCCReference Include="..\Source\BADI.VB.ConstantDecl.pas"/>
        <DCCReference Include="..\Source\BADI.VB.Types.pas"/>
        <DCCReference Include="..\Source\BADI.VB.VariableDecl.pas"/>
        <DCCReference Include="..\Source\BADI.VB.PropertyDecl.pas"/>
        <DCCReference Include="..\Source\BADI.VB.RecordDecl.pas"/>
        <DCCReference Include="..\Source\BADI.VB.TypeDecl.pas"/>
        <DCCReference Include="..\Source\BADI.VB.Attribute.pas"/>
        <DCCReference Include="..\Source\BADI.VB.Option.pas"/>
        <DCCReference Include="..\Source\BADI.VB.Version.pas"/>
        <DCCReference Include="..\Source\BADI.VB.EnumerateDecl.pas"/>
        <DCCReference Include="..\Source\BADI.VB.FieldDecl.pas"/>
        <DCCReference Include="..\Source\BADI.VB.EnumIdent.pas"/>
        <DCCReference Include="..\Source\BADI.VB.ImplementedItem.pas"/>
        <DCCReference Include="..\Source\BADI.VB.EventDecl.pas"/>
        <DCCReference Include="..\Source\BADI.VB.ResourceStrings.pas"/>
        <DCCReference Include="..\Source\BADI.VB.Constants.pas"/>
        <DCCReference Include="..\Source\BADI.XML.BaseElement.pas"/>
        <DCCReference Include="..\Source\BADI.XML.Comment.pas"/>
        <DCCReference Include="..\Source\BADI.XML.DocType.pas"/>
        <DCCReference Include="..\Source\BADI.XML.Module.pas"/>
        <DCCReference Include="..\Source\BADI.XML.ResourceStrings.pas"/>
        <DCCReference Include="..\Source\BADI.XML.XMLDecl.pas"/>
        <DCCReference Include="..\Source\BADI.XML.XMLElemDecl.pas"/>
        <DCCReference Include="..\Source\BADI.XML.XMLElement.pas"/>
        <DCCReference Include="..\Source\BADI.XML.XMLIgnoreElement.pas"/>
        <DCCReference Include="..\Source\BADI.XML.XMLIncludeElement.pas"/>
        <DCCReference Include="..\Source\BADI.XML.XMLPERef.pas"/>
        <DCCReference Include="..\Source\BADI.XML.XMLPI.pas"/>
        <DCCReference Include="..\Source\BADI.ModuleExtensionsFrame.pas">
            <Form>fmBADIModuleExtensionsFrame</Form>
            <FormType>dfm</FormType>
            <DesignClass>TFrame</DesignClass>
        </DCCReference>
        <DCCReference Include="..\Source\BADI.MenuShortcutsFrame.pas">
            <Form>fmBADIMenuShortcuts</Form>
            <FormType>dfm</FormType>
            <DesignClass>TFrame</DesignClass>
        </DCCReference>
        <RcCompile Include="..\Source\BADI.HTMLResources.RC">
            <Form>BADI.HTMLResources.res</Form>
        </RcCompile>
        <None Include="ModelSupport_BrowseAndDocItTestAppXE2\default.txaPackage"/>
        <None Include="..\Source\DUnit Templates\DUnitProjectTemplate.txt">
            <ContainerId>File</ContainerId>
        </None>
        <BuildConfiguration Include="Debug">
            <Key>Cfg_2</Key>
            <CfgParent>Base</CfgParent>
        </BuildConfiguration>
        <BuildConfiguration Include="Base">
            <Key>Base</Key>
        </BuildConfiguration>
        <BuildConfiguration Include="Release">
            <Key>Cfg_1</Key>
            <CfgParent>Base</CfgParent>
        </BuildConfiguration>
    </ItemGroup>
    <Import Condition="Exists('$(BDS)\Bin\CodeGear.Delphi.Targets')" Project="$(BDS)\Bin\CodeGear.Delphi.Targets"/>
    <ProjectExtensions>
        <Borland.Personality>Delphi.Personality.12</Borland.Personality>
        <Borland.ProjectType/>
        <BorlandProject>
            <Delphi.Personality>
                <Source>
                    <Source Name="MainSource">BrowseAndDocItTestApp.dpr</Source>
                </Source>
                <Parameters>
                    <Parameters Name="UseLauncher">False</Parameters>
                    <Parameters Name="LoadAllSymbols">True</Parameters>
                    <Parameters Name="LoadUnspecifiedSymbols">False</Parameters>
                </Parameters>
                <VersionInfo>
                    <VersionInfo Name="IncludeVerInfo">True</VersionInfo>
                    <VersionInfo Name="AutoIncBuild">False</VersionInfo>
                    <VersionInfo Name="MajorVer">1</VersionInfo>
                    <VersionInfo Name="MinorVer">0</VersionInfo>
                    <VersionInfo Name="Release">10</VersionInfo>
                    <VersionInfo Name="Build">2624</VersionInfo>
                    <VersionInfo Name="Debug">False</VersionInfo>
                    <VersionInfo Name="PreRelease">False</VersionInfo>
                    <VersionInfo Name="Special">False</VersionInfo>
                    <VersionInfo Name="Private">False</VersionInfo>
                    <VersionInfo Name="DLL">False</VersionInfo>
                    <VersionInfo Name="Locale">2057</VersionInfo>
                    <VersionInfo Name="CodePage">1252</VersionInfo>
                </VersionInfo>
                <VersionInfoKeys>
                    <VersionInfoKeys Name="CompanyName">Season&apos;s Fall  Music Limited (c) 1989</VersionInfoKeys>
                    <VersionInfoKeys Name="FileDescription">BrowseAndDocItTestAppXE2.exe</VersionInfoKeys>
                    <VersionInfoKeys Name="FileVersion">1.0.10.2624</VersionInfoKeys>
                    <VersionInfoKeys Name="InternalName">Browse and Doc It Test Application</VersionInfoKeys>
                    <VersionInfoKeys Name="LegalCopyright">Season&apos;s Fall  Music Limited (c) 1989</VersionInfoKeys>
                    <VersionInfoKeys Name="LegalTrademarks">Season&apos;s Fall  Music Limited (c) 1989</VersionInfoKeys>
                    <VersionInfoKeys Name="OriginalFilename">BrowseAndDocItTestAppXE2.exe</VersionInfoKeys>
                    <VersionInfoKeys Name="ProductName">BrowseAndDocItTestAppXE2.exe</VersionInfoKeys>
                    <VersionInfoKeys Name="ProductVersion">1.0.0.0</VersionInfoKeys>
                    <VersionInfoKeys Name="Comments">Test Application to Browse and Doc It.</VersionInfoKeys>
                </VersionInfoKeys>
                <Excluded_Packages>
                    <Excluded_Packages Name="$(BDSBIN)\bcboffice2k240.bpl">Embarcadero C++Builder Office 2000 Servers Package</Excluded_Packages>
                    <Excluded_Packages Name="$(BDSBIN)\bcbofficexp240.bpl">Embarcadero C++Builder Office XP Servers Package</Excluded_Packages>
                    <Excluded_Packages Name="$(BDSBIN)\dcloffice2k240.bpl">Microsoft Office 2000 Sample Automation Server Wrapper Components</Excluded_Packages>
                    <Excluded_Packages Name="$(BDSBIN)\dclofficexp240.bpl">Microsoft Office XP Sample Automation Server Wrapper Components</Excluded_Packages>
                </Excluded_Packages>
            </Delphi.Personality>
            <Platforms>
                <Platform value="Win32">True</Platform>
                <Platform value="Win64">False</Platform>
            </Platforms>
            <Deployment Version="3">
                <DeployFile LocalName="..\Source\BADI.HTMLResources.RC" Configuration="Debug" Class="ProjectFile">
                    <Platform Name="Win32">
                        <RemoteDir>.\</RemoteDir>
                        <Overwrite>true</Overwrite>
                    </Platform>
                </DeployFile>
                <DeployFile LocalName="..\LayeredExplorerImages.RC" Configuration="Debug" Class="ProjectFile">
                    <Platform Name="Win32">
                        <RemoteDir>.\</RemoteDir>
                        <Overwrite>true</Overwrite>
                    </Platform>
                </DeployFile>
                <DeployFile LocalName="..\Source\DUnit Templates\DUnitProjectTemplate.txt" Configuration="Debug" Class="ProjectFile">
                    <Platform Name="Win32">
                        <RemoteDir>.\</RemoteDir>
                        <Overwrite>true</Overwrite>
                    </Platform>
                </DeployFile>
                <DeployFile LocalName="..\DUnitTemplateResources.RC" Configuration="Debug" Class="ProjectFile">
                    <Platform Name="Win32">
                        <RemoteDir>.\</RemoteDir>
                        <Overwrite>true</Overwrite>
                    </Platform>
                </DeployFile>
                <DeployFile LocalName="BrowseAndDocItTestApp.exe" Configuration="Debug" Class="ProjectOutput">
                    <Platform Name="Win32">
                        <RemoteName>BrowseAndDocItTestApp.exe</RemoteName>
                        <Overwrite>true</Overwrite>
                    </Platform>
                </DeployFile>
                <DeployFile LocalName="ModelSupport_BrowseAndDocItTestAppXE2\default.txaPackage" Configuration="Debug" Class="ProjectFile">
                    <Platform Name="Win32">
                        <RemoteDir>.\</RemoteDir>
                        <Overwrite>true</Overwrite>
                    </Platform>
                </DeployFile>
                <DeployFile LocalName="..\BADIVerInfo.RC" Configuration="Debug" Class="ProjectFile">
                    <Platform Name="Win32">
                        <RemoteDir>.\</RemoteDir>
                        <Overwrite>true</Overwrite>
                    </Platform>
                </DeployFile>
                <DeployClass Name="AdditionalDebugSymbols">
                    <Platform Name="iOSSimulator">
                        <Operation>1</Operation>
                    </Platform>
                    <Platform Name="OSX32">
                        <RemoteDir>Contents\MacOS</RemoteDir>
                        <Operation>1</Operation>
                    </Platform>
                    <Platform Name="Win32">
                        <RemoteDir>Contents\MacOS</RemoteDir>
                        <Operation>0</Operation>
                    </Platform>
                </DeployClass>
                <DeployClass Name="AndroidClassesDexFile">
                    <Platform Name="Android">
                        <RemoteDir>classes</RemoteDir>
                        <Operation>1</Operation>
                    </Platform>
                </DeployClass>
                <DeployClass Name="AndroidGDBServer">
                    <Platform Name="Android">
                        <RemoteDir>library\lib\armeabi-v7a</RemoteDir>
                        <Operation>1</Operation>
                    </Platform>
                </DeployClass>
                <DeployClass Name="AndroidLibnativeArmeabiFile">
                    <Platform Name="Android">
                        <RemoteDir>library\lib\armeabi</RemoteDir>
                        <Operation>1</Operation>
                    </Platform>
                </DeployClass>
                <DeployClass Name="AndroidLibnativeMipsFile">
                    <Platform Name="Android">
                        <RemoteDir>library\lib\mips</RemoteDir>
                        <Operation>1</Operation>
                    </Platform>
                </DeployClass>
                <DeployClass Name="AndroidServiceOutput">
                    <Platform Name="Android">
                        <RemoteDir>library\lib\armeabi-v7a</RemoteDir>
                        <Operation>1</Operation>
                    </Platform>
                </DeployClass>
                <DeployClass Name="AndroidSplashImageDef">
                    <Platform Name="Android">
                        <RemoteDir>res\drawable</RemoteDir>
                        <Operation>1</Operation>
                    </Platform>
                </DeployClass>
                <DeployClass Name="AndroidSplashStyles">
                    <Platform Name="Android">
                        <RemoteDir>res\values</RemoteDir>
                        <Operation>1</Operation>
                    </Platform>
                </DeployClass>
                <DeployClass Name="Android_DefaultAppIcon">
                    <Platform Name="Android">
                        <RemoteDir>res\drawable</RemoteDir>
                        <Operation>1</Operation>
                    </Platform>
                </DeployClass>
                <DeployClass Name="Android_LauncherIcon144">
                    <Platform Name="Android">
                        <RemoteDir>res\drawable-xxhdpi</RemoteDir>
                        <Operation>1</Operation>
                    </Platform>
                </DeployClass>
                <DeployClass Name="Android_LauncherIcon36">
                    <Platform Name="Android">
                        <RemoteDir>res\drawable-ldpi</RemoteDir>
                        <Operation>1</Operation>
                    </Platform>
                </DeployClass>
                <DeployClass Name="Android_LauncherIcon48">
                    <Platform Name="Android">
                        <RemoteDir>res\drawable-mdpi</RemoteDir>
                        <Operation>1</Operation>
                    </Platform>
                </DeployClass>
                <DeployClass Name="Android_LauncherIcon72">
                    <Platform Name="Android">
                        <RemoteDir>res\drawable-hdpi</RemoteDir>
                        <Operation>1</Operation>
                    </Platform>
                </DeployClass>
                <DeployClass Name="Android_LauncherIcon96">
                    <Platform Name="Android">
                        <RemoteDir>res\drawable-xhdpi</RemoteDir>
                        <Operation>1</Operation>
                    </Platform>
                </DeployClass>
                <DeployClass Name="Android_SplashImage426">
                    <Platform Name="Android">
                        <RemoteDir>res\drawable-small</RemoteDir>
                        <Operation>1</Operation>
                    </Platform>
                </DeployClass>
                <DeployClass Name="Android_SplashImage470">
                    <Platform Name="Android">
                        <RemoteDir>res\drawable-normal</RemoteDir>
                        <Operation>1</Operation>
                    </Platform>
                </DeployClass>
                <DeployClass Name="Android_SplashImage640">
                    <Platform Name="Android">
                        <RemoteDir>res\drawable-large</RemoteDir>
                        <Operation>1</Operation>
                    </Platform>
                </DeployClass>
                <DeployClass Name="Android_SplashImage960">
                    <Platform Name="Android">
                        <RemoteDir>res\drawable-xlarge</RemoteDir>
                        <Operation>1</Operation>
                    </Platform>
                </DeployClass>
                <DeployClass Name="DebugSymbols">
                    <Platform Name="iOSSimulator">
                        <Operation>1</Operation>
                    </Platform>
                    <Platform Name="OSX32">
                        <RemoteDir>Contents\MacOS</RemoteDir>
                        <Operation>1</Operation>
                    </Platform>
                    <Platform Name="Win32">
                        <Operation>0</Operation>
                    </Platform>
                </DeployClass>
                <DeployClass Name="DependencyFramework">
                    <Platform Name="OSX32">
                        <RemoteDir>Contents\MacOS</RemoteDir>
                        <Operation>1</Operation>
                        <Extensions>.framework</Extensions>
                    </Platform>
                    <Platform Name="Win32">
                        <Operation>0</Operation>
                    </Platform>
                </DeployClass>
                <DeployClass Name="DependencyModule">
                    <Platform Name="iOSDevice32">
                        <Operation>1</Operation>
                        <Extensions>.dylib</Extensions>
                    </Platform>
                    <Platform Name="iOSDevice64">
                        <Operation>1</Operation>
                        <Extensions>.dylib</Extensions>
                    </Platform>
                    <Platform Name="iOSSimulator">
                        <Operation>1</Operation>
                        <Extensions>.dylib</Extensions>
                    </Platform>
                    <Platform Name="OSX32">
                        <RemoteDir>Contents\MacOS</RemoteDir>
                        <Operation>1</Operation>
                        <Extensions>.dylib</Extensions>
                    </Platform>
                    <Platform Name="Win32">
                        <Operation>0</Operation>
                        <Extensions>.dll;.bpl</Extensions>
                    </Platform>
                </DeployClass>
                <DeployClass Required="true" Name="DependencyPackage">
                    <Platform Name="iOSDevice32">
                        <Operation>1</Operation>
                        <Extensions>.dylib</Extensions>
                    </Platform>
                    <Platform Name="iOSDevice64">
                        <Operation>1</Operation>
                        <Extensions>.dylib</Extensions>
                    </Platform>
                    <Platform Name="iOSSimulator">
                        <Operation>1</Operation>
                        <Extensions>.dylib</Extensions>
                    </Platform>
                    <Platform Name="OSX32">
                        <RemoteDir>Contents\MacOS</RemoteDir>
                        <Operation>1</Operation>
                        <Extensions>.dylib</Extensions>
                    </Platform>
                    <Platform Name="Win32">
                        <Operation>0</Operation>
                        <Extensions>.bpl</Extensions>
                    </Platform>
                </DeployClass>
                <DeployClass Name="File">
                    <Platform Name="Android">
                        <Operation>0</Operation>
                    </Platform>
                    <Platform Name="iOSDevice32">
                        <Operation>0</Operation>
                    </Platform>
                    <Platform Name="iOSDevice64">
                        <Operation>0</Operation>
                    </Platform>
                    <Platform Name="iOSSimulator">
                        <Operation>0</Operation>
                    </Platform>
                    <Platform Name="OSX32">
                        <RemoteDir>Contents\Resources\StartUp\</RemoteDir>
                        <Operation>0</Operation>
                    </Platform>
                    <Platform Name="Win32">
                        <Operation>0</Operation>
                    </Platform>
                </DeployClass>
                <DeployClass Name="iPad_Launch1024">
                    <Platform Name="iOSDevice32">
                        <Operation>1</Operation>
                    </Platform>
                    <Platform Name="iOSDevice64">
                        <Operation>1</Operation>
                    </Platform>
                    <Platform Name="iOSSimulator">
                        <Operation>1</Operation>
                    </Platform>
                </DeployClass>
                <DeployClass Name="iPad_Launch1536">
                    <Platform Name="iOSDevice32">
                        <Operation>1</Operation>
                    </Platform>
                    <Platform Name="iOSDevice64">
                        <Operation>1</Operation>
                    </Platform>
                    <Platform Name="iOSSimulator">
                        <Operation>1</Operation>
                    </Platform>
                </DeployClass>
                <DeployClass Name="iPad_Launch2048">
                    <Platform Name="iOSDevice32">
                        <Operation>1</Operation>
                    </Platform>
                    <Platform Name="iOSDevice64">
                        <Operation>1</Operation>
                    </Platform>
                    <Platform Name="iOSSimulator">
                        <Operation>1</Operation>
                    </Platform>
                </DeployClass>
                <DeployClass Name="iPad_Launch768">
                    <Platform Name="iOSDevice32">
                        <Operation>1</Operation>
                    </Platform>
                    <Platform Name="iOSDevice64">
                        <Operation>1</Operation>
                    </Platform>
                    <Platform Name="iOSSimulator">
                        <Operation>1</Operation>
                    </Platform>
                </DeployClass>
                <DeployClass Name="iPhone_Launch320">
                    <Platform Name="iOSDevice32">
                        <Operation>1</Operation>
                    </Platform>
                    <Platform Name="iOSDevice64">
                        <Operation>1</Operation>
                    </Platform>
                    <Platform Name="iOSSimulator">
                        <Operation>1</Operation>
                    </Platform>
                </DeployClass>
                <DeployClass Name="iPhone_Launch640">
                    <Platform Name="iOSDevice32">
                        <Operation>1</Operation>
                    </Platform>
                    <Platform Name="iOSDevice64">
                        <Operation>1</Operation>
                    </Platform>
                    <Platform Name="iOSSimulator">
                        <Operation>1</Operation>
                    </Platform>
                </DeployClass>
                <DeployClass Name="iPhone_Launch640x1136">
                    <Platform Name="iOSDevice32">
                        <Operation>1</Operation>
                    </Platform>
                    <Platform Name="iOSDevice64">
                        <Operation>1</Operation>
                    </Platform>
                    <Platform Name="iOSSimulator">
                        <Operation>1</Operation>
                    </Platform>
                </DeployClass>
                <DeployClass Name="ProjectAndroidManifest">
                    <Platform Name="Android">
                        <Operation>1</Operation>
                    </Platform>
                </DeployClass>
                <DeployClass Name="ProjectiOSDeviceDebug">
                    <Platform Name="iOSDevice32">
                        <RemoteDir>..\$(PROJECTNAME).app.dSYM\Contents\Resources\DWARF</RemoteDir>
                        <Operation>1</Operation>
                    </Platform>
                    <Platform Name="iOSDevice64">
                        <RemoteDir>..\$(PROJECTNAME).app.dSYM\Contents\Resources\DWARF</RemoteDir>
                        <Operation>1</Operation>
                    </Platform>
                </DeployClass>
                <DeployClass Name="ProjectiOSDeviceResourceRules">
                    <Platform Name="iOSDevice32">
                        <Operation>1</Operation>
                    </Platform>
                    <Platform Name="iOSDevice64">
                        <Operation>1</Operation>
                    </Platform>
                </DeployClass>
                <DeployClass Name="ProjectiOSEntitlements">
                    <Platform Name="iOSDevice32">
                        <RemoteDir>..\</RemoteDir>
                        <Operation>1</Operation>
                    </Platform>
                    <Platform Name="iOSDevice64">
                        <RemoteDir>..\</RemoteDir>
                        <Operation>1</Operation>
                    </Platform>
                </DeployClass>
                <DeployClass Name="ProjectiOSInfoPList">
                    <Platform Name="iOSDevice32">
                        <Operation>1</Operation>
                    </Platform>
                    <Platform Name="iOSDevice64">
                        <Operation>1</Operation>
                    </Platform>
                    <Platform Name="iOSSimulator">
                        <Operation>1</Operation>
                    </Platform>
                </DeployClass>
                <DeployClass Name="ProjectiOSResource">
                    <Platform Name="iOSDevice32">
                        <Operation>1</Operation>
                    </Platform>
                    <Platform Name="iOSDevice64">
                        <Operation>1</Operation>
                    </Platform>
                    <Platform Name="iOSSimulator">
                        <Operation>1</Operation>
                    </Platform>
                </DeployClass>
                <DeployClass Name="ProjectOSXEntitlements">
                    <Platform Name="OSX32">
                        <RemoteDir>..\</RemoteDir>
                        <Operation>1</Operation>
                    </Platform>
                </DeployClass>
                <DeployClass Name="ProjectOSXInfoPList">
                    <Platform Name="OSX32">
                        <RemoteDir>Contents</RemoteDir>
                        <Operation>1</Operation>
                    </Platform>
                </DeployClass>
                <DeployClass Name="ProjectOSXResource">
                    <Platform Name="OSX32">
                        <RemoteDir>Contents\Resources</RemoteDir>
                        <Operation>1</Operation>
                    </Platform>
                </DeployClass>
                <DeployClass Required="true" Name="ProjectOutput">
                    <Platform Name="Android">
                        <RemoteDir>library\lib\armeabi-v7a</RemoteDir>
                        <Operation>1</Operation>
                    </Platform>
                    <Platform Name="iOSDevice32">
                        <Operation>1</Operation>
                    </Platform>
                    <Platform Name="iOSDevice64">
                        <Operation>1</Operation>
                    </Platform>
                    <Platform Name="iOSSimulator">
                        <Operation>1</Operation>
                    </Platform>
                    <Platform Name="Linux64">
                        <Operation>1</Operation>
                    </Platform>
                    <Platform Name="OSX32">
                        <RemoteDir>Contents\MacOS</RemoteDir>
                        <Operation>1</Operation>
                    </Platform>
                    <Platform Name="Win32">
                        <Operation>0</Operation>
                    </Platform>
                </DeployClass>
                <DeployClass Name="ProjectUWPManifest">
                    <Platform Name="Win32">
                        <Operation>1</Operation>
                    </Platform>
                    <Platform Name="Win64">
                        <Operation>1</Operation>
                    </Platform>
                </DeployClass>
                <DeployClass Name="UWP_DelphiLogo150">
                    <Platform Name="Win32">
                        <RemoteDir>Assets</RemoteDir>
                        <Operation>1</Operation>
                    </Platform>
                    <Platform Name="Win64">
                        <RemoteDir>Assets</RemoteDir>
                        <Operation>1</Operation>
                    </Platform>
                </DeployClass>
                <DeployClass Name="UWP_DelphiLogo44">
                    <Platform Name="Win32">
                        <RemoteDir>Assets</RemoteDir>
                        <Operation>1</Operation>
                    </Platform>
                    <Platform Name="Win64">
                        <RemoteDir>Assets</RemoteDir>
                        <Operation>1</Operation>
                    </Platform>
                </DeployClass>
                <ProjectRoot Platform="iOSDevice64" Name="$(PROJECTNAME).app"/>
                <ProjectRoot Platform="Win64" Name="$(PROJECTNAME)"/>
                <ProjectRoot Platform="iOSDevice32" Name="$(PROJECTNAME).app"/>
                <ProjectRoot Platform="Linux64" Name="$(PROJECTNAME)"/>
                <ProjectRoot Platform="Win32" Name="$(PROJECTNAME)"/>
                <ProjectRoot Platform="OSX32" Name="$(PROJECTNAME).app"/>
                <ProjectRoot Platform="Android" Name="$(PROJECTNAME)"/>
                <ProjectRoot Platform="iOSSimulator" Name="$(PROJECTNAME).app"/>
            </Deployment>
        </BorlandProject>
        <ProjectFileVersion>12</ProjectFileVersion>
    </ProjectExtensions>
    <Import Condition="Exists('$(APPDATA)\Embarcadero\$(BDSAPPDATABASEDIR)\$(PRODUCTVERSION)\UserTools.proj')" Project="$(APPDATA)\Embarcadero\$(BDSAPPDATABASEDIR)\$(PRODUCTVERSION)\UserTools.proj"/>
    <Import Project="$(MSBuildProjectName).deployproj" Condition="Exists('$(MSBuildProjectName).deployproj')"/>
</Project>
